// !$*UTF8*$!
{
	archiveVersion = 1;
	classes = {
	};
	objectVersion = 50;
	objects = {

/* Begin PBXBuildFile section */
		546D7E1021A71B4200C617AC /* AppDelegate.swift in Sources */ = {isa = PBXBuildFile; fileRef = 546D7E0F21A71B4200C617AC /* AppDelegate.swift */; };
		546D7E1221A71B4200C617AC /* ViewController.swift in Sources */ = {isa = PBXBuildFile; fileRef = 546D7E1121A71B4200C617AC /* ViewController.swift */; };
		546D7E1521A71B4200C617AC /* Main.storyboard in Resources */ = {isa = PBXBuildFile; fileRef = 546D7E1321A71B4200C617AC /* Main.storyboard */; };
		546D7E1721A71B4200C617AC /* Assets.xcassets in Resources */ = {isa = PBXBuildFile; fileRef = 546D7E1621A71B4200C617AC /* Assets.xcassets */; };
		546D7E1A21A71B4200C617AC /* LaunchScreen.storyboard in Resources */ = {isa = PBXBuildFile; fileRef = 546D7E1821A71B4200C617AC /* LaunchScreen.storyboard */; };
		546D7E2521A71B4200C617AC /* Partin_Pereira_Ramirez_NotecardsTests.swift in Sources */ = {isa = PBXBuildFile; fileRef = 546D7E2421A71B4200C617AC /* Partin_Pereira_Ramirez_NotecardsTests.swift */; };
		546D7E3021A71B4200C617AC /* Partin_Pereira_Ramirez_NotecardsUITests.swift in Sources */ = {isa = PBXBuildFile; fileRef = 546D7E2F21A71B4200C617AC /* Partin_Pereira_Ramirez_NotecardsUITests.swift */; };
/* End PBXBuildFile section */

/* Begin PBXContainerItemProxy section */
		546D7E2121A71B4200C617AC /* PBXContainerItemProxy */ = {
			isa = PBXContainerItemProxy;
			containerPortal = 546D7E0421A71B4200C617AC /* Project object */;
			proxyType = 1;
			remoteGlobalIDString = 546D7E0B21A71B4200C617AC;
			remoteInfo = Partin_Pereira_Ramirez_Notecards;
		};
		546D7E2C21A71B4200C617AC /* PBXContainerItemProxy */ = {
			isa = PBXContainerItemProxy;
			containerPortal = 546D7E0421A71B4200C617AC /* Project object */;
			proxyType = 1;
			remoteGlobalIDString = 546D7E0B21A71B4200C617AC;
			remoteInfo = Partin_Pereira_Ramirez_Notecards;
		};
/* End PBXContainerItemProxy section */

/* Begin PBXFileReference section */
		546D7E0C21A71B4200C617AC /* Partin_Pereira_Ramirez_Notecards.app */ = {isa = PBXFileReference; explicitFileType = wrapper.application; includeInIndex = 0; path = Partin_Pereira_Ramirez_Notecards.app; sourceTree = BUILT_PRODUCTS_DIR; };
		546D7E0F21A71B4200C617AC /* AppDelegate.swift */ = {isa = PBXFileReference; lastKnownFileType = sourcecode.swift; path = AppDelegate.swift; sourceTree = "<group>"; };
		546D7E1121A71B4200C617AC /* ViewController.swift */ = {isa = PBXFileReference; lastKnownFileType = sourcecode.swift; path = ViewController.swift; sourceTree = "<group>"; };
		546D7E1421A71B4200C617AC /* Base */ = {isa = PBXFileReference; lastKnownFileType = file.storyboard; name = Base; path = Base.lproj/Main.storyboard; sourceTree = "<group>"; };
		546D7E1621A71B4200C617AC /* Assets.xcassets */ = {isa = PBXFileReference; lastKnownFileType = folder.assetcatalog; path = Assets.xcassets; sourceTree = "<group>"; };
		546D7E1921A71B4200C617AC /* Base */ = {isa = PBXFileReference; lastKnownFileType = file.storyboard; name = Base; path = Base.lproj/LaunchScreen.storyboard; sourceTree = "<group>"; };
		546D7E1B21A71B4200C617AC /* Info.plist */ = {isa = PBXFileReference; lastKnownFileType = text.plist.xml; path = Info.plist; sourceTree = "<group>"; };
		546D7E2021A71B4200C617AC /* Partin_Pereira_Ramirez_NotecardsTests.xctest */ = {isa = PBXFileReference; explicitFileType = wrapper.cfbundle; includeInIndex = 0; path = Partin_Pereira_Ramirez_NotecardsTests.xctest; sourceTree = BUILT_PRODUCTS_DIR; };
		546D7E2421A71B4200C617AC /* Partin_Pereira_Ramirez_NotecardsTests.swift */ = {isa = PBXFileReference; lastKnownFileType = sourcecode.swift; path = Partin_Pereira_Ramirez_NotecardsTests.swift; sourceTree = "<group>"; };
		546D7E2621A71B4200C617AC /* Info.plist */ = {isa = PBXFileReference; lastKnownFileType = text.plist.xml; path = Info.plist; sourceTree = "<group>"; };
		546D7E2B21A71B4200C617AC /* Partin_Pereira_Ramirez_NotecardsUITests.xctest */ = {isa = PBXFileReference; explicitFileType = wrapper.cfbundle; includeInIndex = 0; path = Partin_Pereira_Ramirez_NotecardsUITests.xctest; sourceTree = BUILT_PRODUCTS_DIR; };
		546D7E2F21A71B4200C617AC /* Partin_Pereira_Ramirez_NotecardsUITests.swift */ = {isa = PBXFileReference; lastKnownFileType = sourcecode.swift; path = Partin_Pereira_Ramirez_NotecardsUITests.swift; sourceTree = "<group>"; };
		546D7E3121A71B4200C617AC /* Info.plist */ = {isa = PBXFileReference; lastKnownFileType = text.plist.xml; path = Info.plist; sourceTree = "<group>"; };
/* End PBXFileReference section */

/* Begin PBXFrameworksBuildPhase section */
		546D7E0921A71B4200C617AC /* Frameworks */ = {
			isa = PBXFrameworksBuildPhase;
			buildActionMask = 2147483647;
			files = (
			);
			runOnlyForDeploymentPostprocessing = 0;
		};
		546D7E1D21A71B4200C617AC /* Frameworks */ = {
			isa = PBXFrameworksBuildPhase;
			buildActionMask = 2147483647;
			files = (
			);
			runOnlyForDeploymentPostprocessing = 0;
		};
		546D7E2821A71B4200C617AC /* Frameworks */ = {
			isa = PBXFrameworksBuildPhase;
			buildActionMask = 2147483647;
			files = (
			);
			runOnlyForDeploymentPostprocessing = 0;
		};
/* End PBXFrameworksBuildPhase section */

/* Begin PBXGroup section */
		546D7E0321A71B4200C617AC = {
			isa = PBXGroup;
			children = (
				546D7E0E21A71B4200C617AC /* Partin_Pereira_Ramirez_Notecards */,
				546D7E2321A71B4200C617AC /* Partin_Pereira_Ramirez_NotecardsTests */,
				546D7E2E21A71B4200C617AC /* Partin_Pereira_Ramirez_NotecardsUITests */,
				546D7E0D21A71B4200C617AC /* Products */,
			);
			sourceTree = "<group>";
		};
		546D7E0D21A71B4200C617AC /* Products */ = {
			isa = PBXGroup;
			children = (
				546D7E0C21A71B4200C617AC /* Partin_Pereira_Ramirez_Notecards.app */,
				546D7E2021A71B4200C617AC /* Partin_Pereira_Ramirez_NotecardsTests.xctest */,
				546D7E2B21A71B4200C617AC /* Partin_Pereira_Ramirez_NotecardsUITests.xctest */,
			);
			name = Products;
			sourceTree = "<group>";
		};
		546D7E0E21A71B4200C617AC /* Partin_Pereira_Ramirez_Notecards */ = {
			isa = PBXGroup;
			children = (
				546D7E0F21A71B4200C617AC /* AppDelegate.swift */,
				546D7E1121A71B4200C617AC /* ViewController.swift */,
				546D7E1321A71B4200C617AC /* Main.storyboard */,
				546D7E1621A71B4200C617AC /* Assets.xcassets */,
				546D7E1821A71B4200C617AC /* LaunchScreen.storyboard */,
				546D7E1B21A71B4200C617AC /* Info.plist */,
			);
			path = Partin_Pereira_Ramirez_Notecards;
			sourceTree = "<group>";
		};
		546D7E2321A71B4200C617AC /* Partin_Pereira_Ramirez_NotecardsTests */ = {
			isa = PBXGroup;
			children = (
				546D7E2421A71B4200C617AC /* Partin_Pereira_Ramirez_NotecardsTests.swift */,
				546D7E2621A71B4200C617AC /* Info.plist */,
			);
			path = Partin_Pereira_Ramirez_NotecardsTests;
			sourceTree = "<group>";
		};
		546D7E2E21A71B4200C617AC /* Partin_Pereira_Ramirez_NotecardsUITests */ = {
			isa = PBXGroup;
			children = (
				546D7E2F21A71B4200C617AC /* Partin_Pereira_Ramirez_NotecardsUITests.swift */,
				546D7E3121A71B4200C617AC /* Info.plist */,
			);
			path = Partin_Pereira_Ramirez_NotecardsUITests;
			sourceTree = "<group>";
		};
/* End PBXGroup section */

/* Begin PBXNativeTarget section */
		546D7E0B21A71B4200C617AC /* Partin_Pereira_Ramirez_Notecards */ = {
			isa = PBXNativeTarget;
			buildConfigurationList = 546D7E3421A71B4200C617AC /* Build configuration list for PBXNativeTarget "Partin_Pereira_Ramirez_Notecards" */;
			buildPhases = (
				546D7E0821A71B4200C617AC /* Sources */,
				546D7E0921A71B4200C617AC /* Frameworks */,
				546D7E0A21A71B4200C617AC /* Resources */,
			);
			buildRules = (
			);
			dependencies = (
			);
			name = Partin_Pereira_Ramirez_Notecards;
			productName = Partin_Pereira_Ramirez_Notecards;
			productReference = 546D7E0C21A71B4200C617AC /* Partin_Pereira_Ramirez_Notecards.app */;
			productType = "com.apple.product-type.application";
		};
		546D7E1F21A71B4200C617AC /* Partin_Pereira_Ramirez_NotecardsTests */ = {
			isa = PBXNativeTarget;
			buildConfigurationList = 546D7E3721A71B4200C617AC /* Build configuration list for PBXNativeTarget "Partin_Pereira_Ramirez_NotecardsTests" */;
			buildPhases = (
				546D7E1C21A71B4200C617AC /* Sources */,
				546D7E1D21A71B4200C617AC /* Frameworks */,
				546D7E1E21A71B4200C617AC /* Resources */,
			);
			buildRules = (
			);
			dependencies = (
				546D7E2221A71B4200C617AC /* PBXTargetDependency */,
			);
			name = Partin_Pereira_Ramirez_NotecardsTests;
			productName = Partin_Pereira_Ramirez_NotecardsTests;
			productReference = 546D7E2021A71B4200C617AC /* Partin_Pereira_Ramirez_NotecardsTests.xctest */;
			productType = "com.apple.product-type.bundle.unit-test";
		};
		546D7E2A21A71B4200C617AC /* Partin_Pereira_Ramirez_NotecardsUITests */ = {
			isa = PBXNativeTarget;
			buildConfigurationList = 546D7E3A21A71B4200C617AC /* Build configuration list for PBXNativeTarget "Partin_Pereira_Ramirez_NotecardsUITests" */;
			buildPhases = (
				546D7E2721A71B4200C617AC /* Sources */,
				546D7E2821A71B4200C617AC /* Frameworks */,
				546D7E2921A71B4200C617AC /* Resources */,
			);
			buildRules = (
			);
			dependencies = (
				546D7E2D21A71B4200C617AC /* PBXTargetDependency */,
			);
			name = Partin_Pereira_Ramirez_NotecardsUITests;
			productName = Partin_Pereira_Ramirez_NotecardsUITests;
			productReference = 546D7E2B21A71B4200C617AC /* Partin_Pereira_Ramirez_NotecardsUITests.xctest */;
			productType = "com.apple.product-type.bundle.ui-testing";
		};
/* End PBXNativeTarget section */

/* Begin PBXProject section */
		546D7E0421A71B4200C617AC /* Project object */ = {
			isa = PBXProject;
			attributes = {
				LastSwiftUpdateCheck = 1000;
				LastUpgradeCheck = 1000;
				ORGANIZATIONNAME = "Period Three";
				TargetAttributes = {
					546D7E0B21A71B4200C617AC = {
						CreatedOnToolsVersion = 10.0;
					};
					546D7E1F21A71B4200C617AC = {
						CreatedOnToolsVersion = 10.0;
						TestTargetID = 546D7E0B21A71B4200C617AC;
					};
					546D7E2A21A71B4200C617AC = {
						CreatedOnToolsVersion = 10.0;
						TestTargetID = 546D7E0B21A71B4200C617AC;
					};
				};
			};
			buildConfigurationList = 546D7E0721A71B4200C617AC /* Build configuration list for PBXProject "Partin_Pereira_Ramirez_Notecards" */;
			compatibilityVersion = "Xcode 9.3";
			developmentRegion = en;
			hasScannedForEncodings = 0;
			knownRegions = (
				en,
				Base,
			);
			mainGroup = 546D7E0321A71B4200C617AC;
			productRefGroup = 546D7E0D21A71B4200C617AC /* Products */;
			projectDirPath = "";
			projectRoot = "";
			targets = (
				546D7E0B21A71B4200C617AC /* Partin_Pereira_Ramirez_Notecards */,
				546D7E1F21A71B4200C617AC /* Partin_Pereira_Ramirez_NotecardsTests */,
				546D7E2A21A71B4200C617AC /* Partin_Pereira_Ramirez_NotecardsUITests */,
			);
		};
/* End PBXProject section */

/* Begin PBXResourcesBuildPhase section */
		546D7E0A21A71B4200C617AC /* Resources */ = {
			isa = PBXResourcesBuildPhase;
			buildActionMask = 2147483647;
			files = (
				546D7E1A21A71B4200C617AC /* LaunchScreen.storyboard in Resources */,
				546D7E1721A71B4200C617AC /* Assets.xcassets in Resources */,
				546D7E1521A71B4200C617AC /* Main.storyboard in Resources */,
			);
			runOnlyForDeploymentPostprocessing = 0;
		};
		546D7E1E21A71B4200C617AC /* Resources */ = {
			isa = PBXResourcesBuildPhase;
			buildActionMask = 2147483647;
			files = (
			);
			runOnlyForDeploymentPostprocessing = 0;
		};
		546D7E2921A71B4200C617AC /* Resources */ = {
			isa = PBXResourcesBuildPhase;
			buildActionMask = 2147483647;
			files = (
			);
			runOnlyForDeploymentPostprocessing = 0;
		};
/* End PBXResourcesBuildPhase section */

/* Begin PBXSourcesBuildPhase section */
		546D7E0821A71B4200C617AC /* Sources */ = {
			isa = PBXSourcesBuildPhase;
			buildActionMask = 2147483647;
			files = (
				546D7E1221A71B4200C617AC /* ViewController.swift in Sources */,
				546D7E1021A71B4200C617AC /* AppDelegate.swift in Sources */,
			);
			runOnlyForDeploymentPostprocessing = 0;
		};
		546D7E1C21A71B4200C617AC /* Sources */ = {
			isa = PBXSourcesBuildPhase;
			buildActionMask = 2147483647;
			files = (
				546D7E2521A71B4200C617AC /* Partin_Pereira_Ramirez_NotecardsTests.swift in Sources */,
			);
			runOnlyForDeploymentPostprocessing = 0;
		};
		546D7E2721A71B4200C617AC /* Sources */ = {
			isa = PBXSourcesBuildPhase;
			buildActionMask = 2147483647;
			files = (
				546D7E3021A71B4200C617AC /* Partin_Pereira_Ramirez_NotecardsUITests.swift in Sources */,
			);
			runOnlyForDeploymentPostprocessing = 0;
		};
/* End PBXSourcesBuildPhase section */

/* Begin PBXTargetDependency section */
		546D7E2221A71B4200C617AC /* PBXTargetDependency */ = {
			isa = PBXTargetDependency;
			target = 546D7E0B21A71B4200C617AC /* Partin_Pereira_Ramirez_Notecards */;
			targetProxy = 546D7E2121A71B4200C617AC /* PBXContainerItemProxy */;
		};
		546D7E2D21A71B4200C617AC /* PBXTargetDependency */ = {
			isa = PBXTargetDependency;
			target = 546D7E0B21A71B4200C617AC /* Partin_Pereira_Ramirez_Notecards */;
			targetProxy = 546D7E2C21A71B4200C617AC /* PBXContainerItemProxy */;
		};
/* End PBXTargetDependency section */

/* Begin PBXVariantGroup section */
		546D7E1321A71B4200C617AC /* Main.storyboard */ = {
			isa = PBXVariantGroup;
			children = (
				546D7E1421A71B4200C617AC /* Base */,
			);
			name = Main.storyboard;
			sourceTree = "<group>";
		};
		546D7E1821A71B4200C617AC /* LaunchScreen.storyboard */ = {
			isa = PBXVariantGroup;
			children = (
				546D7E1921A71B4200C617AC /* Base */,
			);
			name = LaunchScreen.storyboard;
			sourceTree = "<group>";
		};
/* End PBXVariantGroup section */

/* Begin XCBuildConfiguration section */
		546D7E3221A71B4200C617AC /* Debug */ = {
			isa = XCBuildConfiguration;
			buildSettings = {
				ALWAYS_SEARCH_USER_PATHS = NO;
				CLANG_ANALYZER_NONNULL = YES;
				CLANG_ANALYZER_NUMBER_OBJECT_CONVERSION = YES_AGGRESSIVE;
				CLANG_CXX_LANGUAGE_STANDARD = "gnu++14";
				CLANG_CXX_LIBRARY = "libc++";
				CLANG_ENABLE_MODULES = YES;
				CLANG_ENABLE_OBJC_ARC = YES;
				CLANG_ENABLE_OBJC_WEAK = YES;
				CLANG_WARN_BLOCK_CAPTURE_AUTORELEASING = YES;
				CLANG_WARN_BOOL_CONVERSION = YES;
				CLANG_WARN_COMMA = YES;
				CLANG_WARN_CONSTANT_CONVERSION = YES;
				CLANG_WARN_DEPRECATED_OBJC_IMPLEMENTATIONS = YES;
				CLANG_WARN_DIRECT_OBJC_ISA_USAGE = YES_ERROR;
				CLANG_WARN_DOCUMENTATION_COMMENTS = YES;
				CLANG_WARN_EMPTY_BODY = YES;
				CLANG_WARN_ENUM_CONVERSION = YES;
				CLANG_WARN_INFINITE_RECURSION = YES;
				CLANG_WARN_INT_CONVERSION = YES;
				CLANG_WARN_NON_LITERAL_NULL_CONVERSION = YES;
				CLANG_WARN_OBJC_IMPLICIT_RETAIN_SELF = YES;
				CLANG_WARN_OBJC_LITERAL_CONVERSION = YES;
				CLANG_WARN_OBJC_ROOT_CLASS = YES_ERROR;
				CLANG_WARN_RANGE_LOOP_ANALYSIS = YES;
				CLANG_WARN_STRICT_PROTOTYPES = YES;
				CLANG_WARN_SUSPICIOUS_MOVE = YES;
				CLANG_WARN_UNGUARDED_AVAILABILITY = YES_AGGRESSIVE;
				CLANG_WARN_UNREACHABLE_CODE = YES;
				CLANG_WARN__DUPLICATE_METHOD_MATCH = YES;
				CODE_SIGN_IDENTITY = "iPhone Developer";
				COPY_PHASE_STRIP = NO;
				DEBUG_INFORMATION_FORMAT = dwarf;
				ENABLE_STRICT_OBJC_MSGSEND = YES;
				ENABLE_TESTABILITY = YES;
				GCC_C_LANGUAGE_STANDARD = gnu11;
				GCC_DYNAMIC_NO_PIC = NO;
				GCC_NO_COMMON_BLOCKS = YES;
				GCC_OPTIMIZATION_LEVEL = 0;
				GCC_PREPROCESSOR_DEFINITIONS = (
					"DEBUG=1",
					"$(inherited)",
				);
				GCC_WARN_64_TO_32_BIT_CONVERSION = YES;
				GCC_WARN_ABOUT_RETURN_TYPE = YES_ERROR;
				GCC_WARN_UNDECLARED_SELECTOR = YES;
				GCC_WARN_UNINITIALIZED_AUTOS = YES_AGGRESSIVE;
				GCC_WARN_UNUSED_FUNCTION = YES;
				GCC_WARN_UNUSED_VARIABLE = YES;
				IPHONEOS_DEPLOYMENT_TARGET = 12.0;
				MTL_ENABLE_DEBUG_INFO = INCLUDE_SOURCE;
				MTL_FAST_MATH = YES;
				ONLY_ACTIVE_ARCH = YES;
				SDKROOT = iphoneos;
				SWIFT_ACTIVE_COMPILATION_CONDITIONS = DEBUG;
				SWIFT_OPTIMIZATION_LEVEL = "-Onone";
			};
			name = Debug;
		};
		546D7E3321A71B4200C617AC /* Release */ = {
			isa = XCBuildConfiguration;
			buildSettings = {
				ALWAYS_SEARCH_USER_PATHS = NO;
				CLANG_ANALYZER_NONNULL = YES;
				CLANG_ANALYZER_NUMBER_OBJECT_CONVERSION = YES_AGGRESSIVE;
				CLANG_CXX_LANGUAGE_STANDARD = "gnu++14";
				CLANG_CXX_LIBRARY = "libc++";
				CLANG_ENABLE_MODULES = YES;
				CLANG_ENABLE_OBJC_ARC = YES;
				CLANG_ENABLE_OBJC_WEAK = YES;
				CLANG_WARN_BLOCK_CAPTURE_AUTORELEASING = YES;
				CLANG_WARN_BOOL_CONVERSION = YES;
				CLANG_WARN_COMMA = YES;
				CLANG_WARN_CONSTANT_CONVERSION = YES;
				CLANG_WARN_DEPRECATED_OBJC_IMPLEMENTATIONS = YES;
				CLANG_WARN_DIRECT_OBJC_ISA_USAGE = YES_ERROR;
				CLANG_WARN_DOCUMENTATION_COMMENTS = YES;
				CLANG_WARN_EMPTY_BODY = YES;
				CLANG_WARN_ENUM_CONVERSION = YES;
				CLANG_WARN_INFINITE_RECURSION = YES;
				CLANG_WARN_INT_CONVERSION = YES;
				CLANG_WARN_NON_LITERAL_NULL_CONVERSION = YES;
				CLANG_WARN_OBJC_IMPLICIT_RETAIN_SELF = YES;
				CLANG_WARN_OBJC_LITERAL_CONVERSION = YES;
				CLANG_WARN_OBJC_ROOT_CLASS = YES_ERROR;
				CLANG_WARN_RANGE_LOOP_ANALYSIS = YES;
				CLANG_WARN_STRICT_PROTOTYPES = YES;
				CLANG_WARN_SUSPICIOUS_MOVE = YES;
				CLANG_WARN_UNGUARDED_AVAILABILITY = YES_AGGRESSIVE;
				CLANG_WARN_UNREACHABLE_CODE = YES;
				CLANG_WARN__DUPLICATE_METHOD_MATCH = YES;
				CODE_SIGN_IDENTITY = "iPhone Developer";
				COPY_PHASE_STRIP = NO;
				DEBUG_INFORMATION_FORMAT = "dwarf-with-dsym";
				ENABLE_NS_ASSERTIONS = NO;
				ENABLE_STRICT_OBJC_MSGSEND = YES;
				GCC_C_LANGUAGE_STANDARD = gnu11;
				GCC_NO_COMMON_BLOCKS = YES;
				GCC_WARN_64_TO_32_BIT_CONVERSION = YES;
				GCC_WARN_ABOUT_RETURN_TYPE = YES_ERROR;
				GCC_WARN_UNDECLARED_SELECTOR = YES;
				GCC_WARN_UNINITIALIZED_AUTOS = YES_AGGRESSIVE;
				GCC_WARN_UNUSED_FUNCTION = YES;
				GCC_WARN_UNUSED_VARIABLE = YES;
				IPHONEOS_DEPLOYMENT_TARGET = 12.0;
				MTL_ENABLE_DEBUG_INFO = NO;
				MTL_FAST_MATH = YES;
				SDKROOT = iphoneos;
				SWIFT_COMPILATION_MODE = wholemodule;
				SWIFT_OPTIMIZATION_LEVEL = "-O";
				VALIDATE_PRODUCT = YES;
			};
			name = Release;
		};
		546D7E3521A71B4200C617AC /* Debug */ = {
			isa = XCBuildConfiguration;
			buildSettings = {
				ASSETCATALOG_COMPILER_APPICON_NAME = AppIcon;
				CODE_SIGN_STYLE = Automatic;
				INFOPLIST_FILE = Partin_Pereira_Ramirez_Notecards/Info.plist;
				LD_RUNPATH_SEARCH_PATHS = (
					"$(inherited)",
					"@executable_path/Frameworks",
				);
				PRODUCT_BUNDLE_IDENTIFIER = "Period-Three.Partin-Pereira-Ramirez-Notecards";
				PRODUCT_NAME = "$(TARGET_NAME)";
				SWIFT_VERSION = 4.2;
				TARGETED_DEVICE_FAMILY = "1,2";
			};
			name = Debug;
		};
		546D7E3621A71B4200C617AC /* Release */ = {
			isa = XCBuildConfiguration;
			buildSettings = {
				ASSETCATALOG_COMPILER_APPICON_NAME = AppIcon;
				CODE_SIGN_STYLE = Automatic;
				INFOPLIST_FILE = Partin_Pereira_Ramirez_Notecards/Info.plist;
				LD_RUNPATH_SEARCH_PATHS = (
					"$(inherited)",
					"@executable_path/Frameworks",
				);
				PRODUCT_BUNDLE_IDENTIFIER = "Period-Three.Partin-Pereira-Ramirez-Notecards";
				PRODUCT_NAME = "$(TARGET_NAME)";
				SWIFT_VERSION = 4.2;
				TARGETED_DEVICE_FAMILY = "1,2";
			};
			name = Release;
		};
		546D7E3821A71B4200C617AC /* Debug */ = {
			isa = XCBuildConfiguration;
			buildSettings = {
				ALWAYS_EMBED_SWIFT_STANDARD_LIBRARIES = YES;
				BUNDLE_LOADER = "$(TEST_HOST)";
				CODE_SIGN_STYLE = Automatic;
				INFOPLIST_FILE = Partin_Pereira_Ramirez_NotecardsTests/Info.plist;
				LD_RUNPATH_SEARCH_PATHS = (
					"$(inherited)",
					"@executable_path/Frameworks",
					"@loader_path/Frameworks",
				);
				PRODUCT_BUNDLE_IDENTIFIER = "Period-Three.Partin-Pereira-Ramirez-NotecardsTests";
				PRODUCT_NAME = "$(TARGET_NAME)";
				SWIFT_VERSION = 4.2;
				TARGETED_DEVICE_FAMILY = "1,2";
				TEST_HOST = "$(BUILT_PRODUCTS_DIR)/Partin_Pereira_Ramirez_Notecards.app/Partin_Pereira_Ramirez_Notecards";
			};
			name = Debug;
		};
		546D7E3921A71B4200C617AC /* Release */ = {
			isa = XCBuildConfiguration;
			buildSettings = {
				ALWAYS_EMBED_SWIFT_STANDARD_LIBRARIES = YES;
				BUNDLE_LOADER = "$(TEST_HOST)";
				CODE_SIGN_STYLE = Automatic;
				INFOPLIST_FILE = Partin_Pereira_Ramirez_NotecardsTests/Info.plist;
				LD_RUNPATH_SEARCH_PATHS = (
					"$(inherited)",
					"@executable_path/Frameworks",
					"@loader_path/Frameworks",
				);
				PRODUCT_BUNDLE_IDENTIFIER = "Period-Three.Partin-Pereira-Ramirez-NotecardsTests";
				PRODUCT_NAME = "$(TARGET_NAME)";
				SWIFT_VERSION = 4.2;
				TARGETED_DEVICE_FAMILY = "1,2";
				TEST_HOST = "$(BUILT_PRODUCTS_DIR)/Partin_Pereira_Ramirez_Notecards.app/Partin_Pereira_Ramirez_Notecards";
			};
			name = Release;
		};
		546D7E3B21A71B4200C617AC /* Debug */ = {
			isa = XCBuildConfiguration;
			buildSettings = {
				ALWAYS_EMBED_SWIFT_STANDARD_LIBRARIES = YES;
				CODE_SIGN_STYLE = Automatic;
				INFOPLIST_FILE = Partin_Pereira_Ramirez_NotecardsUITests/Info.plist;
				LD_RUNPATH_SEARCH_PATHS = (
					"$(inherited)",
					"@executable_path/Frameworks",
					"@loader_path/Frameworks",
				);
				PRODUCT_BUNDLE_IDENTIFIER = "Period-Three.Partin-Pereira-Ramirez-NotecardsUITests";
				PRODUCT_NAME = "$(TARGET_NAME)";
				SWIFT_VERSION = 4.2;
				TARGETED_DEVICE_FAMILY = "1,2";
				TEST_TARGET_NAME = Partin_Pereira_Ramirez_Notecards;
			};
			name = Debug;
		};
		546D7E3C21A71B4200C617AC /* Release */ = {
			isa = XCBuildConfiguration;
			buildSettings = {
				ALWAYS_EMBED_SWIFT_STANDARD_LIBRARIES = YES;
				CODE_SIGN_STYLE = Automatic;
				INFOPLIST_FILE = Partin_Pereira_Ramirez_NotecardsUITests/Info.plist;
				LD_RUNPATH_SEARCH_PATHS = (
					"$(inherited)",
					"@executable_path/Frameworks",
					"@loader_path/Frameworks",
				);
				PRODUCT_BUNDLE_IDENTIFIER = "Period-Three.Partin-Pereira-Ramirez-NotecardsUITests";
				PRODUCT_NAME = "$(TARGET_NAME)";
				SWIFT_VERSION = 4.2;
				TARGETED_DEVICE_FAMILY = "1,2";
				TEST_TARGET_NAME = Partin_Pereira_Ramirez_Notecards;
			};
			name = Release;
		};
/* End XCBuildConfiguration section */

/* Begin XCConfigurationList section */
		546D7E0721A71B4200C617AC /* Build configuration list for PBXProject "Partin_Pereira_Ramirez_Notecards" */ = {
			isa = XCConfigurationList;
			buildConfigurations = (
				546D7E3221A71B4200C617AC /* Debug */,
				546D7E3321A71B4200C617AC /* Release */,
			);
			defaultConfigurationIsVisible = 0;
			defaultConfigurationName = Release;
		};
		546D7E3421A71B4200C617AC /* Build configuration list for PBXNativeTarget "Partin_Pereira_Ramirez_Notecards" */ = {
			isa = XCConfigurationList;
			buildConfigurations = (
				546D7E3521A71B4200C617AC /* Debug */,
				546D7E3621A71B4200C617AC /* Release */,
			);
			defaultConfigurationIsVisible = 0;
			defaultConfigurationName = Release;
		};
		546D7E3721A71B4200C617AC /* Build configuration list for PBXNativeTarget "Partin_Pereira_Ramirez_NotecardsTests" */ = {
			isa = XCConfigurationList;
			buildConfigurations = (
				546D7E3821A71B4200C617AC /* Debug */,
				546D7E3921A71B4200C617AC /* Release */,
			);
			defaultConfigurationIsVisible = 0;
			defaultConfigurationName = Release;
		};
		546D7E3A21A71B4200C617AC /* Build configuration list for PBXNativeTarget "Partin_Pereira_Ramirez_NotecardsUITests" */ = {
			isa = XCConfigurationList;
			buildConfigurations = (
				546D7E3B21A71B4200C617AC /* Debug */,
				546D7E3C21A71B4200C617AC /* Release */,
			);
			defaultConfigurationIsVisible = 0;
			defaultConfigurationName = Release;
		};
/* End XCConfigurationList section */
	};
	rootObject = 546D7E0421A71B4200C617AC /* Project object */;
}
